
Microsoft Visual Studio Solution File, Format Version 12.00
# Visual Studio 15
VisualStudioVersion = 15.0.28307.572
MinimumVisualStudioVersion = 10.0.40219.1
Project("{9A19103F-16F7-4668-BE54-9A1E7A4F7556}") = "TestClient", "TestClient\TestClient.csproj", "{27108305-662E-4B13-85BB-A5839A8CF28B}"
EndProject
Project("{FAE04EC0-301F-11D3-BF4B-00C04F79EFBC}") = "ConsoleLayers", "ConsoleLayers\ConsoleLayers.csproj", "{AB14DF0F-1C81-4D42-913E-C1529D7CB3C7}"
EndProject
Project("{FAE04EC0-301F-11D3-BF4B-00C04F79EFBC}") = "GameSystems", "GameSystems\GameSystems.csproj", "{797183CA-AD7B-47C3-8927-8CDA008DC7F0}"
EndProject
Project("{FAE04EC0-301F-11D3-BF4B-00C04F79EFBC}") = "DataModels", "DataModels\DataModels.csproj", "{AC9F38FE-1CFF-46C3-B0B1-B01DB6431796}"
EndProject
Global
	GlobalSection(SolutionConfigurationPlatforms) = preSolution
		Debug|Any CPU = Debug|Any CPU
		Release|Any CPU = Release|Any CPU
	EndGlobalSection
	GlobalSection(ProjectConfigurationPlatforms) = postSolution
		{27108305-662E-4B13-85BB-A5839A8CF28B}.Debug|Any CPU.ActiveCfg = Debug|Any CPU
		{27108305-662E-4B13-85BB-A5839A8CF28B}.Debug|Any CPU.Build.0 = Debug|Any CPU
		{27108305-662E-4B13-85BB-A5839A8CF28B}.Release|Any CPU.ActiveCfg = Release|Any CPU
		{27108305-662E-4B13-85BB-A5839A8CF28B}.Release|Any CPU.Build.0 = Release|Any CPU
		{AB14DF0F-1C81-4D42-913E-C1529D7CB3C7}.Debug|Any CPU.ActiveCfg = Debug|Any CPU
		{AB14DF0F-1C81-4D42-913E-C1529D7CB3C7}.Debug|Any CPU.Build.0 = Debug|Any CPU
		{AB14DF0F-1C81-4D42-913E-C1529D7CB3C7}.Release|Any CPU.ActiveCfg = Release|Any CPU
		{AB14DF0F-1C81-4D42-913E-C1529D7CB3C7}.Release|Any CPU.Build.0 = Release|Any CPU
		{797183CA-AD7B-47C3-8927-8CDA008DC7F0}.Debug|Any CPU.ActiveCfg = Debug|Any CPU
		{797183CA-AD7B-47C3-8927-8CDA008DC7F0}.Debug|Any CPU.Build.0 = Debug|Any CPU
		{797183CA-AD7B-47C3-8927-8CDA008DC7F0}.Release|Any CPU.ActiveCfg = Release|Any CPU
		{797183CA-AD7B-47C3-8927-8CDA008DC7F0}.Release|Any CPU.Build.0 = Release|Any CPU
		{AC9F38FE-1CFF-46C3-B0B1-B01DB6431796}.Debug|Any CPU.ActiveCfg = Debug|Any CPU
		{AC9F38FE-1CFF-46C3-B0B1-B01DB6431796}.Debug|Any CPU.Build.0 = Debug|Any CPU
		{AC9F38FE-1CFF-46C3-B0B1-B01DB6431796}.Release|Any CPU.ActiveCfg = Release|Any CPU
		{AC9F38FE-1CFF-46C3-B0B1-B01DB6431796}.Release|Any CPU.Build.0 = Release|Any CPU
	EndGlobalSection
	GlobalSection(SolutionProperties) = preSolution
		HideSolutionNode = FALSE
	EndGlobalSection
	GlobalSection(ExtensibilityGlobals) = postSolution
		SolutionGuid = {6DF3EBBC-58B9-4EE0-8BE0-9F027BEB7ADE}
	EndGlobalSection
EndGlobal
